{
  "name": "CS50 Project",
  "lockfileVersion": 2,
  "requires": true,
  "packages": {
    "": {
      "dependencies": {
        "chart.js": "^4.0.1",
        "dexie": "^3.2.2"
      }
    },
    "node_modules/chart.js": {
      "version": "4.0.1",
      "resolved": "https://registry.npmjs.org/chart.js/-/chart.js-4.0.1.tgz",
      "integrity": "sha512-5/8/9eBivwBZK81mKvmIwTb2Pmw4D/5h1RK9fBWZLLZ8mCJ+kfYNmV9rMrGoa5Hgy2/wVDBMLSUDudul2/9ihA==",
      "engines": {
        "pnpm": "^7.0.0"
      }
    },
    "node_modules/dexie": {
      "version": "3.2.2",
      "resolved": "https://registry.npmjs.org/dexie/-/dexie-3.2.2.tgz",
      "integrity": "sha512-q5dC3HPmir2DERlX+toCBbHQXW5MsyrFqPFcovkH9N2S/UW/H3H5AWAB6iEOExeraAu+j+zRDG+zg/D7YhH0qg==",
      "engines": {
        "node": ">=6.0"
      }
    }
  },
  "dependencies": {
    "chart.js": {
      "version": "4.0.1",
      "resolved": "https://registry.npmjs.org/chart.js/-/chart.js-4.0.1.tgz",
      "integrity": "sha512-5/8/9eBivwBZK81mKvmIwTb2Pmw4D/5h1RK9fBWZLLZ8mCJ+kfYNmV9rMrGoa5Hgy2/wVDBMLSUDudul2/9ihA=="
    },
    "dexie": {
      "version": "3.2.2",
      "resolved": "https://registry.npmjs.org/dexie/-/dexie-3.2.2.tgz",
      "integrity": "sha512-q5dC3HPmir2DERlX+toCBbHQXW5MsyrFqPFcovkH9N2S/UW/H3H5AWAB6iEOExeraAu+j+zRDG+zg/D7YhH0qg=="
    }
  }
}
